// !$*UTF8*$!
{
	archiveVersion = 1;
	classes = {
	};
	objectVersion = 46;
	objects = {

/* Begin PBXBuildFile section */
		528A06481E11248A00469257 /* AppDelegate.swift in Sources */ = {isa = PBXBuildFile; fileRef = 528A06471E11248A00469257 /* AppDelegate.swift */; };
		528A064A1E11248A00469257 /* MainListViewController.swift in Sources */ = {isa = PBXBuildFile; fileRef = 528A06491E11248A00469257 /* MainListViewController.swift */; };
		528A064F1E11248A00469257 /* Assets.xcassets in Resources */ = {isa = PBXBuildFile; fileRef = 528A064E1E11248A00469257 /* Assets.xcassets */; };
		528A06521E11248A00469257 /* LaunchScreen.storyboard in Resources */ = {isa = PBXBuildFile; fileRef = 528A06501E11248A00469257 /* LaunchScreen.storyboard */; };
		528A065A1E112F3300469257 /* Bap.swift in Sources */ = {isa = PBXBuildFile; fileRef = 528A06591E112F3300469257 /* Bap.swift */; };
		52CE1BF01E11470600EE6B36 /* BapCell.swift in Sources */ = {isa = PBXBuildFile; fileRef = 52CE1BEF1E11470600EE6B36 /* BapCell.swift */; };
/* End PBXBuildFile section */

/* Begin PBXFileReference section */
		528A06441E11248A00469257 /* SunrinBaps.app */ = {isa = PBXFileReference; explicitFileType = wrapper.application; includeInIndex = 0; path = SunrinBaps.app; sourceTree = BUILT_PRODUCTS_DIR; };
		528A06471E11248A00469257 /* AppDelegate.swift */ = {isa = PBXFileReference; lastKnownFileType = sourcecode.swift; path = AppDelegate.swift; sourceTree = "<group>"; };
		528A06491E11248A00469257 /* MainListViewController.swift */ = {isa = PBXFileReference; lastKnownFileType = sourcecode.swift; path = MainListViewController.swift; sourceTree = "<group>"; };
		528A064E1E11248A00469257 /* Assets.xcassets */ = {isa = PBXFileReference; lastKnownFileType = folder.assetcatalog; path = Assets.xcassets; sourceTree = "<group>"; };
		528A06511E11248A00469257 /* Base */ = {isa = PBXFileReference; lastKnownFileType = file.storyboard; name = Base; path = Base.lproj/LaunchScreen.storyboard; sourceTree = "<group>"; };
		528A06531E11248A00469257 /* Info.plist */ = {isa = PBXFileReference; lastKnownFileType = text.plist.xml; path = Info.plist; sourceTree = "<group>"; };
		528A06591E112F3300469257 /* Bap.swift */ = {isa = PBXFileReference; fileEncoding = 4; lastKnownFileType = sourcecode.swift; path = Bap.swift; sourceTree = "<group>"; };
		52CE1BEF1E11470600EE6B36 /* BapCell.swift */ = {isa = PBXFileReference; fileEncoding = 4; lastKnownFileType = sourcecode.swift; path = BapCell.swift; sourceTree = "<group>"; };
/* End PBXFileReference section */

/* Begin PBXFrameworksBuildPhase section */
		528A06411E11248A00469257 /* Frameworks */ = {
			isa = PBXFrameworksBuildPhase;
			buildActionMask = 2147483647;
			files = (
			);
			runOnlyForDeploymentPostprocessing = 0;
		};
/* End PBXFrameworksBuildPhase section */

/* Begin PBXGroup section */
		528A063B1E11248A00469257 = {
			isa = PBXGroup;
			children = (
				528A06461E11248A00469257 /* SunrinBaps */,
				528A06451E11248A00469257 /* Products */,
			);
			sourceTree = "<group>";
		};
		528A06451E11248A00469257 /* Products */ = {
			isa = PBXGroup;
			children = (
				528A06441E11248A00469257 /* SunrinBaps.app */,
			);
			name = Products;
			sourceTree = "<group>";
		};
		528A06461E11248A00469257 /* SunrinBaps */ = {
			isa = PBXGroup;
			children = (
				528A06471E11248A00469257 /* AppDelegate.swift */,
				528A06491E11248A00469257 /* MainListViewController.swift */,
				528A064E1E11248A00469257 /* Assets.xcassets */,
				528A06501E11248A00469257 /* LaunchScreen.storyboard */,
				528A06531E11248A00469257 /* Info.plist */,
				528A06591E112F3300469257 /* Bap.swift */,
				52CE1BEF1E11470600EE6B36 /* BapCell.swift */,
			);
			path = SunrinBaps;
			sourceTree = "<group>";
		};
/* End PBXGroup section */

/* Begin PBXNativeTarget section */
		528A06431E11248A00469257 /* SunrinBaps */ = {
			isa = PBXNativeTarget;
			buildConfigurationList = 528A06561E11248A00469257 /* Build configuration list for PBXNativeTarget "SunrinBaps" */;
			buildPhases = (
				528A06401E11248A00469257 /* Sources */,
				528A06411E11248A00469257 /* Frameworks */,
				528A06421E11248A00469257 /* Resources */,
			);
			buildRules = (
			);
			dependencies = (
			);
			name = SunrinBaps;
			productName = SunrinBaps;
			productReference = 528A06441E11248A00469257 /* SunrinBaps.app */;
			productType = "com.apple.product-type.application";
		};
/* End PBXNativeTarget section */

/* Begin PBXProject section */
		528A063C1E11248A00469257 /* Project object */ = {
			isa = PBXProject;
			attributes = {
				LastSwiftUpdateCheck = 0820;
				LastUpgradeCheck = 0820;
				ORGANIZATIONNAME = EDCAN;
				TargetAttributes = {
					528A06431E11248A00469257 = {
						CreatedOnToolsVersion = 8.2;
						DevelopmentTeam = V7TY326AB2;
						ProvisioningStyle = Automatic;
					};
				};
			};
			buildConfigurationList = 528A063F1E11248A00469257 /* Build configuration list for PBXProject "SunrinBaps" */;
			compatibilityVersion = "Xcode 3.2";
			developmentRegion = English;
			hasScannedForEncodings = 0;
			knownRegions = (
				en,
				Base,
			);
			mainGroup = 528A063B1E11248A00469257;
			productRefGroup = 528A06451E11248A00469257 /* Products */;
			projectDirPath = "";
			projectRoot = "";
			targets = (
				528A06431E11248A00469257 /* SunrinBaps */,
			);
		};
/* End PBXProject section */

/* Begin PBXResourcesBuildPhase section */
		528A06421E11248A00469257 /* Resources */ = {
			isa = PBXResourcesBuildPhase;
			buildActionMask = 2147483647;
			files = (
				528A06521E11248A00469257 /* LaunchScreen.storyboard in Resources */,
				528A064F1E11248A00469257 /* Assets.xcassets in Resources */,
			);
			runOnlyForDeploymentPostprocessing = 0;
		};
/* End PBXResourcesBuildPhase section */

/* Begin PBXSourcesBuildPhase section */
		528A06401E11248A00469257 /* Sources */ = {
			isa = PBXSourcesBuildPhase;
			buildActionMask = 2147483647;
			files = (
				528A064A1E11248A00469257 /* MainListViewController.swift in Sources */,
				528A065A1E112F3300469257 /* Bap.swift in Sources */,
				528A06481E11248A00469257 /* AppDelegate.swift in Sources */,
				52CE1BF01E11470600EE6B36 /* BapCell.swift in Sources */,
			);
			runOnlyForDeploymentPostprocessing = 0;
		};
/* End PBXSourcesBuildPhase section */

/* Begin PBXVariantGroup section */
		528A06501E11248A00469257 /* LaunchScreen.storyboard */ = {
			isa = PBXVariantGroup;
			children = (
				528A06511E11248A00469257 /* Base */,
			);
			name = LaunchScreen.storyboard;
			sourceTree = "<group>";
		};
/* End PBXVariantGroup section */

/* Begin XCBuildConfiguration section */
		528A06541E11248A00469257 /* Debug */ = {
			isa = XCBuildConfiguration;
			buildSettings = {
				ALWAYS_SEARCH_USER_PATHS = NO;
				CLANG_ANALYZER_NONNULL = YES;
				CLANG_CXX_LANGUAGE_STANDARD = "gnu++0x";
				CLANG_CXX_LIBRARY = "libc++";
				CLANG_ENABLE_MODULES = YES;
				CLANG_ENABLE_OBJC_ARC = YES;
				CLANG_WARN_BOOL_CONVERSION = YES;
				CLANG_WARN_CONSTANT_CONVERSION = YES;
				CLANG_WARN_DIRECT_OBJC_ISA_USAGE = YES_ERROR;
				CLANG_WARN_DOCUMENTATION_COMMENTS = YES;
				CLANG_WARN_EMPTY_BODY = YES;
				CLANG_WARN_ENUM_CONVERSION = YES;
				CLANG_WARN_INFINITE_RECURSION = YES;
				CLANG_WARN_INT_CONVERSION = YES;
				CLANG_WARN_OBJC_ROOT_CLASS = YES_ERROR;
				CLANG_WARN_SUSPICIOUS_MOVE = YES;
				CLANG_WARN_UNREACHABLE_CODE = YES;
				CLANG_WARN__DUPLICATE_METHOD_MATCH = YES;
				"CODE_SIGN_IDENTITY[sdk=iphoneos*]" = "iPhone Developer";
				COPY_PHASE_STRIP = NO;
				DEBUG_INFORMATION_FORMAT = dwarf;
				ENABLE_STRICT_OBJC_MSGSEND = YES;
				ENABLE_TESTABILITY = YES;
				GCC_C_LANGUAGE_STANDARD = gnu99;
				GCC_DYNAMIC_NO_PIC = NO;
				GCC_NO_COMMON_BLOCKS = YES;
				GCC_OPTIMIZATION_LEVEL = 0;
				GCC_PREPROCESSOR_DEFINITIONS = (
					"DEBUG=1",
					"$(inherited)",
				);
				GCC_WARN_64_TO_32_BIT_CONVERSION = YES;
				GCC_WARN_ABOUT_RETURN_TYPE = YES_ERROR;
				GCC_WARN_UNDECLARED_SELECTOR = YES;
				GCC_WARN_UNINITIALIZED_AUTOS = YES_AGGRESSIVE;
				GCC_WARN_UNUSED_FUNCTION = YES;
				GCC_WARN_UNUSED_VARIABLE = YES;
				IPHONEOS_DEPLOYMENT_TARGET = 10.2;
				MTL_ENABLE_DEBUG_INFO = YES;
				ONLY_ACTIVE_ARCH = YES;
				SDKROOT = iphoneos;
				SWIFT_ACTIVE_COMPILATION_CONDITIONS = DEBUG;
				SWIFT_OPTIMIZATION_LEVEL = "-Onone";
				TARGETED_DEVICE_FAMILY = "1,2";
			};
			name = Debug;
		};
		528A06551E11248A00469257 /* Release */ = {
			isa = XCBuildConfiguration;
			buildSettings = {
				ALWAYS_SEARCH_USER_PATHS = NO;
				CLANG_ANALYZER_NONNULL = YES;
				CLANG_CXX_LANGUAGE_STANDARD = "gnu++0x";
				CLANG_CXX_LIBRARY = "libc++";
				CLANG_ENABLE_MODULES = YES;
				CLANG_ENABLE_OBJC_ARC = YES;
				CLANG_WARN_BOOL_CONVERSION = YES;
				CLANG_WARN_CONSTANT_CONVERSION = YES;
				CLANG_WARN_DIRECT_OBJC_ISA_USAGE = YES_ERROR;
				CLANG_WARN_DOCUMENTATION_COMMENTS = YES;
				CLANG_WARN_EMPTY_BODY = YES;
				CLANG_WARN_ENUM_CONVERSION = YES;
				CLANG_WARN_INFINITE_RECURSION = YES;
				CLANG_WARN_INT_CONVERSION = YES;
				CLANG_WARN_OBJC_ROOT_CLASS = YES_ERROR;
				CLANG_WARN_SUSPICIOUS_MOVE = YES;
				CLANG_WARN_UNREACHABLE_CODE = YES;
				CLANG_WARN__DUPLICATE_METHOD_MATCH = YES;
				"CODE_SIGN_IDENTITY[sdk=iphoneos*]" = "iPhone Developer";
				COPY_PHASE_STRIP = NO;
				DEBUG_INFORMATION_FORMAT = "dwarf-with-dsym";
				ENABLE_NS_ASSERTIONS = NO;
				ENABLE_STRICT_OBJC_MSGSEND = YES;
				GCC_C_LANGUAGE_STANDARD = gnu99;
				GCC_NO_COMMON_BLOCKS = YES;
				GCC_WARN_64_TO_32_BIT_CONVERSION = YES;
				GCC_WARN_ABOUT_RETURN_TYPE = YES_ERROR;
				GCC_WARN_UNDECLARED_SELECTOR = YES;
				GCC_WARN_UNINITIALIZED_AUTOS = YES_AGGRESSIVE;
				GCC_WARN_UNUSED_FUNCTION = YES;
				GCC_WARN_UNUSED_VARIABLE = YES;
				IPHONEOS_DEPLOYMENT_TARGET = 10.2;
				MTL_ENABLE_DEBUG_INFO = NO;
				SDKROOT = iphoneos;
				SWIFT_OPTIMIZATION_LEVEL = "-Owholemodule";
				TARGETED_DEVICE_FAMILY = "1,2";
				VALIDATE_PRODUCT = YES;
			};
			name = Release;
		};
		528A06571E11248A00469257 /* Debug */ = {
			isa = XCBuildConfiguration;
			buildSettings = {
				ASSETCATALOG_COMPILER_APPICON_NAME = AppIcon;
				DEVELOPMENT_TEAM = V7TY326AB2;
				INFOPLIST_FILE = SunrinBaps/Info.plist;
				LD_RUNPATH_SEARCH_PATHS = "$(inherited) @executable_path/Frameworks";
				PRODUCT_BUNDLE_IDENTIFIER = kr.edcan.SunrinBaps;
				PRODUCT_NAME = "$(TARGET_NAME)";
				SWIFT_VERSION = 3.0;
			};
			name = Debug;
		};
		528A06581E11248A00469257 /* Release */ = {
			isa = XCBuildConfiguration;
			buildSettings = {
				ASSETCATALOG_COMPILER_APPICON_NAME = AppIcon;
				DEVELOPMENT_TEAM = V7TY326AB2;
				INFOPLIST_FILE = SunrinBaps/Info.plist;
				LD_RUNPATH_SEARCH_PATHS = "$(inherited) @executable_path/Frameworks";
				PRODUCT_BUNDLE_IDENTIFIER = kr.edcan.SunrinBaps;
				PRODUCT_NAME = "$(TARGET_NAME)";
				SWIFT_VERSION = 3.0;
			};
			name = Release;
		};
/* End XCBuildConfiguration section */

/* Begin XCConfigurationList section */
		528A063F1E11248A00469257 /* Build configuration list for PBXProject "SunrinBaps" */ = {
			isa = XCConfigurationList;
			buildConfigurations = (
				528A06541E11248A00469257 /* Debug */,
				528A06551E11248A00469257 /* Release */,
			);
			defaultConfigurationIsVisible = 0;
			defaultConfigurationName = Release;
		};
		528A06561E11248A00469257 /* Build configuration list for PBXNativeTarget "SunrinBaps" */ = {
			isa = XCConfigurationList;
			buildConfigurations = (
				528A06571E11248A00469257 /* Debug */,
				528A06581E11248A00469257 /* Release */,
			);
			defaultConfigurationIsVisible = 0;
			defaultConfigurationName = Release;
		};
/* End XCConfigurationList section */
	};
	rootObject = 528A063C1E11248A00469257 /* Project object */;
}
